
Microsoft Visual Studio Solution File, Format Version 12.00
# Visual Studio Version 17
VisualStudioVersion = 17.4.33110.190
MinimumVisualStudioVersion = 10.0.40219.1
Project("{FAE04EC0-301F-11D3-BF4B-00C04F79EFBC}") = "Agenda", "Agenda\Agenda.csproj", "{1953CFD2-4479-4D66-81DA-39E583E88039}"
EndProject
Global
	GlobalSection(SolutionConfigurationPlatforms) = preSolution
		Debug|Any CPU = Debug|Any CPU
		Release|Any CPU = Release|Any CPU
	EndGlobalSection
	GlobalSection(ProjectConfigurationPlatforms) = postSolution
		{1953CFD2-4479-4D66-81DA-39E583E88039}.Debug|Any CPU.ActiveCfg = Debug|Any CPU
		{1953CFD2-4479-4D66-81DA-39E583E88039}.Debug|Any CPU.Build.0 = Debug|Any CPU
		{1953CFD2-4479-4D66-81DA-39E583E88039}.Release|Any CPU.ActiveCfg = Release|Any CPU
		{1953CFD2-4479-4D66-81DA-39E583E88039}.Release|Any CPU.Build.0 = Release|Any CPU
	EndGlobalSection
	GlobalSection(SolutionProperties) = preSolution
		HideSolutionNode = FALSE
	EndGlobalSection
	GlobalSection(ExtensibilityGlobals) = postSolution
		SolutionGuid = {F43468FC-2447-412B-8E72-BE14FA81345E}
	EndGlobalSection
EndGlobal
